
Microsoft Visual Studio Solution File, Format Version 12.00
# Visual Studio Version 16
VisualStudioVersion = 16.0.32901.82
MinimumVisualStudioVersion = 10.0.40219.1
Project("{8BC9CEB8-8B4A-11D0-8D11-00A0C91BC942}") = "shatrashanova_lab1", "shatrashanova_lab1\shatrashanova_lab1.vcxproj", "{E38B538D-63A5-4DA9-BABC-990640614D14}"
EndProject
Global
	GlobalSection(SolutionConfigurationPlatforms) = preSolution
		Debug|x64 = Debug|x64
		Debug|x86 = Debug|x86
		Release|x64 = Release|x64
		Release|x86 = Release|x86
	EndGlobalSection
	GlobalSection(ProjectConfigurationPlatforms) = postSolution
		{E38B538D-63A5-4DA9-BABC-990640614D14}.Debug|x64.ActiveCfg = Debug|x64
		{E38B538D-63A5-4DA9-BABC-990640614D14}.Debug|x64.Build.0 = Debug|x64
		{E38B538D-63A5-4DA9-BABC-990640614D14}.Debug|x86.ActiveCfg = Debug|Win32
		{E38B538D-63A5-4DA9-BABC-990640614D14}.Debug|x86.Build.0 = Debug|Win32
		{E38B538D-63A5-4DA9-BABC-990640614D14}.Release|x64.ActiveCfg = Release|x64
		{E38B538D-63A5-4DA9-BABC-990640614D14}.Release|x64.Build.0 = Release|x64
		{E38B538D-63A5-4DA9-BABC-990640614D14}.Release|x86.ActiveCfg = Release|Win32
		{E38B538D-63A5-4DA9-BABC-990640614D14}.Release|x86.Build.0 = Release|Win32
	EndGlobalSection
	GlobalSection(SolutionProperties) = preSolution
		HideSolutionNode = FALSE
	EndGlobalSection
	GlobalSection(ExtensibilityGlobals) = postSolution
		SolutionGuid = {7B25739E-9D25-4461-ABDF-94C26FD9CB20}
	EndGlobalSection
EndGlobal
